
Microsoft Visual Studio Solution File, Format Version 12.00
# Visual Studio Version 17
VisualStudioVersion = 17.9.34723.18
MinimumVisualStudioVersion = 10.0.40219.1
Project("{9A19103F-16F7-4668-BE54-9A1E7A4F7556}") = "EntityZeroTestGame", "EntityZeroTestGame\EntityZeroTestGame.csproj", "{2BC06F51-6DA7-4559-8F18-4C02BBEF04BD}"
EndProject
Project("{9A19103F-16F7-4668-BE54-9A1E7A4F7556}") = "EntityZeroEngine", "EntityZeroEngine\EntityZeroEngine.csproj", "{3CA5C716-C40C-40D3-8340-3583EEB68A15}"
EndProject
Global
	GlobalSection(SolutionConfigurationPlatforms) = preSolution
		Debug|Any CPU = Debug|Any CPU
		Release|Any CPU = Release|Any CPU
	EndGlobalSection
	GlobalSection(ProjectConfigurationPlatforms) = postSolution
		{2BC06F51-6DA7-4559-8F18-4C02BBEF04BD}.Debug|Any CPU.ActiveCfg = Debug|Any CPU
		{2BC06F51-6DA7-4559-8F18-4C02BBEF04BD}.Debug|Any CPU.Build.0 = Debug|Any CPU
		{2BC06F51-6DA7-4559-8F18-4C02BBEF04BD}.Release|Any CPU.ActiveCfg = Release|Any CPU
		{2BC06F51-6DA7-4559-8F18-4C02BBEF04BD}.Release|Any CPU.Build.0 = Release|Any CPU
		{3CA5C716-C40C-40D3-8340-3583EEB68A15}.Debug|Any CPU.ActiveCfg = Debug|Any CPU
		{3CA5C716-C40C-40D3-8340-3583EEB68A15}.Debug|Any CPU.Build.0 = Debug|Any CPU
		{3CA5C716-C40C-40D3-8340-3583EEB68A15}.Release|Any CPU.ActiveCfg = Release|Any CPU
		{3CA5C716-C40C-40D3-8340-3583EEB68A15}.Release|Any CPU.Build.0 = Release|Any CPU
	EndGlobalSection
	GlobalSection(SolutionProperties) = preSolution
		HideSolutionNode = FALSE
	EndGlobalSection
	GlobalSection(ExtensibilityGlobals) = postSolution
		SolutionGuid = {2C50A619-EB45-4D61-89B4-C0BC9D3E90D8}
	EndGlobalSection
EndGlobal
